
Microsoft Visual Studio Solution File, Format Version 12.00
# Visual Studio Version 17
VisualStudioVersion = 17.3.32804.467
MinimumVisualStudioVersion = 10.0.40219.1
Project("{FAE04EC0-301F-11D3-BF4B-00C04F79EFBC}") = "SQL-Samples", "SQL-Samples\SQL-Samples.csproj", "{98778990-6FC8-48C7-B9F7-38741972820E}"
EndProject
Global
	GlobalSection(SolutionConfigurationPlatforms) = preSolution
		Debug|Any CPU = Debug|Any CPU
		Release|Any CPU = Release|Any CPU
	EndGlobalSection
	GlobalSection(ProjectConfigurationPlatforms) = postSolution
		{98778990-6FC8-48C7-B9F7-38741972820E}.Debug|Any CPU.ActiveCfg = Debug|Any CPU
		{98778990-6FC8-48C7-B9F7-38741972820E}.Debug|Any CPU.Build.0 = Debug|Any CPU
		{98778990-6FC8-48C7-B9F7-38741972820E}.Release|Any CPU.ActiveCfg = Release|Any CPU
		{98778990-6FC8-48C7-B9F7-38741972820E}.Release|Any CPU.Build.0 = Release|Any CPU
	EndGlobalSection
	GlobalSection(SolutionProperties) = preSolution
		HideSolutionNode = FALSE
	EndGlobalSection
	GlobalSection(ExtensibilityGlobals) = postSolution
		SolutionGuid = {A400B3A4-A39B-4A0F-9ACB-8ADB5F57A0F9}
	EndGlobalSection
EndGlobal
