
Microsoft Visual Studio Solution File, Format Version 12.00
# Visual Studio Version 17
VisualStudioVersion = 17.3.32804.467
MinimumVisualStudioVersion = 10.0.40219.1
Project("{FAE04EC0-301F-11D3-BF4B-00C04F79EFBC}") = "ClassandObject", "ClassandObject\ClassandObject.csproj", "{7303B100-CD82-4212-8791-4124C2BC56C5}"
EndProject
Global
	GlobalSection(SolutionConfigurationPlatforms) = preSolution
		Debug|Any CPU = Debug|Any CPU
		Release|Any CPU = Release|Any CPU
	EndGlobalSection
	GlobalSection(ProjectConfigurationPlatforms) = postSolution
		{7303B100-CD82-4212-8791-4124C2BC56C5}.Debug|Any CPU.ActiveCfg = Debug|Any CPU
		{7303B100-CD82-4212-8791-4124C2BC56C5}.Debug|Any CPU.Build.0 = Debug|Any CPU
		{7303B100-CD82-4212-8791-4124C2BC56C5}.Release|Any CPU.ActiveCfg = Release|Any CPU
		{7303B100-CD82-4212-8791-4124C2BC56C5}.Release|Any CPU.Build.0 = Release|Any CPU
	EndGlobalSection
	GlobalSection(SolutionProperties) = preSolution
		HideSolutionNode = FALSE
	EndGlobalSection
	GlobalSection(ExtensibilityGlobals) = postSolution
		SolutionGuid = {C95B5352-2F87-4A32-AC4A-73CD31BFF343}
	EndGlobalSection
EndGlobal
