
Microsoft Visual Studio Solution File, Format Version 12.00
# Visual Studio Version 17
VisualStudioVersion = 17.3.32804.467
MinimumVisualStudioVersion = 10.0.40219.1
Project("{FAE04EC0-301F-11D3-BF4B-00C04F79EFBC}") = "CSharpMatrix", "CSharpMatrix\CSharpMatrix.csproj", "{36984C98-9FB8-4EA4-B831-D9AA959CF943}"
EndProject
Global
	GlobalSection(SolutionConfigurationPlatforms) = preSolution
		Debug|Any CPU = Debug|Any CPU
		Release|Any CPU = Release|Any CPU
	EndGlobalSection
	GlobalSection(ProjectConfigurationPlatforms) = postSolution
		{36984C98-9FB8-4EA4-B831-D9AA959CF943}.Debug|Any CPU.ActiveCfg = Debug|Any CPU
		{36984C98-9FB8-4EA4-B831-D9AA959CF943}.Debug|Any CPU.Build.0 = Debug|Any CPU
		{36984C98-9FB8-4EA4-B831-D9AA959CF943}.Release|Any CPU.ActiveCfg = Release|Any CPU
		{36984C98-9FB8-4EA4-B831-D9AA959CF943}.Release|Any CPU.Build.0 = Release|Any CPU
	EndGlobalSection
	GlobalSection(SolutionProperties) = preSolution
		HideSolutionNode = FALSE
	EndGlobalSection
	GlobalSection(ExtensibilityGlobals) = postSolution
		SolutionGuid = {2DF85F27-C819-49E3-8024-E55D22EB393C}
	EndGlobalSection
EndGlobal
