
Microsoft Visual Studio Solution File, Format Version 12.00
# Visual Studio Version 17
VisualStudioVersion = 17.3.32804.467
MinimumVisualStudioVersion = 10.0.40219.1
Project("{FAE04EC0-301F-11D3-BF4B-00C04F79EFBC}") = "CSharpProperties", "CSharpProperties\CSharpProperties.csproj", "{B6E5F318-E185-4596-A0FB-B8AECA814EDF}"
EndProject
Global
	GlobalSection(SolutionConfigurationPlatforms) = preSolution
		Debug|Any CPU = Debug|Any CPU
		Release|Any CPU = Release|Any CPU
	EndGlobalSection
	GlobalSection(ProjectConfigurationPlatforms) = postSolution
		{B6E5F318-E185-4596-A0FB-B8AECA814EDF}.Debug|Any CPU.ActiveCfg = Debug|Any CPU
		{B6E5F318-E185-4596-A0FB-B8AECA814EDF}.Debug|Any CPU.Build.0 = Debug|Any CPU
		{B6E5F318-E185-4596-A0FB-B8AECA814EDF}.Release|Any CPU.ActiveCfg = Release|Any CPU
		{B6E5F318-E185-4596-A0FB-B8AECA814EDF}.Release|Any CPU.Build.0 = Release|Any CPU
	EndGlobalSection
	GlobalSection(SolutionProperties) = preSolution
		HideSolutionNode = FALSE
	EndGlobalSection
	GlobalSection(ExtensibilityGlobals) = postSolution
		SolutionGuid = {B6D468FA-37A6-4A00-9606-E6E5DB7DC892}
	EndGlobalSection
EndGlobal
