
Microsoft Visual Studio Solution File, Format Version 12.00
# Visual Studio Version 17
VisualStudioVersion = 17.3.32804.467
MinimumVisualStudioVersion = 10.0.40219.1
Project("{FAE04EC0-301F-11D3-BF4B-00C04F79EFBC}") = "CSharpLINQ", "CSharpLINQ\CSharpLINQ.csproj", "{EDC3613F-221D-4D91-8F17-CC8E9E063804}"
EndProject
Global
	GlobalSection(SolutionConfigurationPlatforms) = preSolution
		Debug|Any CPU = Debug|Any CPU
		Release|Any CPU = Release|Any CPU
	EndGlobalSection
	GlobalSection(ProjectConfigurationPlatforms) = postSolution
		{EDC3613F-221D-4D91-8F17-CC8E9E063804}.Debug|Any CPU.ActiveCfg = Debug|Any CPU
		{EDC3613F-221D-4D91-8F17-CC8E9E063804}.Debug|Any CPU.Build.0 = Debug|Any CPU
		{EDC3613F-221D-4D91-8F17-CC8E9E063804}.Release|Any CPU.ActiveCfg = Release|Any CPU
		{EDC3613F-221D-4D91-8F17-CC8E9E063804}.Release|Any CPU.Build.0 = Release|Any CPU
	EndGlobalSection
	GlobalSection(SolutionProperties) = preSolution
		HideSolutionNode = FALSE
	EndGlobalSection
	GlobalSection(ExtensibilityGlobals) = postSolution
		SolutionGuid = {569C3E31-5E8D-4A4A-AF22-8B486DF17FBB}
	EndGlobalSection
EndGlobal
